
Microsoft Visual Studio Solution File, Format Version 12.00
# Visual Studio Version 16
VisualStudioVersion = 16.0.30804.86
MinimumVisualStudioVersion = 10.0.40219.1
Project("{FAE04EC0-301F-11D3-BF4B-00C04F79EFBC}") = "FirstGUI", "FirstGUI.csproj", "{D0235482-0091-4765-9040-7957D53671DA}"
EndProject
Global
	GlobalSection(SolutionConfigurationPlatforms) = preSolution
		Debug|Any CPU = Debug|Any CPU
		Release|Any CPU = Release|Any CPU
	EndGlobalSection
	GlobalSection(ProjectConfigurationPlatforms) = postSolution
		{D0235482-0091-4765-9040-7957D53671DA}.Debug|Any CPU.ActiveCfg = Debug|Any CPU
		{D0235482-0091-4765-9040-7957D53671DA}.Debug|Any CPU.Build.0 = Debug|Any CPU
		{D0235482-0091-4765-9040-7957D53671DA}.Release|Any CPU.ActiveCfg = Release|Any CPU
		{D0235482-0091-4765-9040-7957D53671DA}.Release|Any CPU.Build.0 = Release|Any CPU
	EndGlobalSection
	GlobalSection(SolutionProperties) = preSolution
		HideSolutionNode = FALSE
	EndGlobalSection
	GlobalSection(ExtensibilityGlobals) = postSolution
		SolutionGuid = {CB455E0C-FCC6-427A-90EF-3067471C1C6F}
	EndGlobalSection
EndGlobal
